// !$*UTF8*$!
{
	archiveVersion = 1;
	classes = {
	};
	objectVersion = 48;
	objects = {

/* Begin PBXBuildFile section */
		767066231FB3E30700283426 /* MainMenu.swift in Sources */ = {isa = PBXBuildFile; fileRef = 767066221FB3E30700283426 /* MainMenu.swift */; };
		767066251FB3E5D500283426 /* icons8-wrench.png in Resources */ = {isa = PBXBuildFile; fileRef = 767066241FB3E5D500283426 /* icons8-wrench.png */; };
		767066271FB3E78C00283426 /* icons8-customer.png in Resources */ = {isa = PBXBuildFile; fileRef = 767066261FB3E78C00283426 /* icons8-customer.png */; };
		767066291FB3EDB000283426 /* icons8-cyclist.png in Resources */ = {isa = PBXBuildFile; fileRef = 767066281FB3EDAF00283426 /* icons8-cyclist.png */; };
		7670662B1FB3EECB00283426 /* icons8-about.png in Resources */ = {isa = PBXBuildFile; fileRef = 7670662A1FB3EECB00283426 /* icons8-about.png */; };
		768AFF191FB3D94C007327DE /* GoogleService-Info.plist in Resources */ = {isa = PBXBuildFile; fileRef = 768AFF181FB3D94B007327DE /* GoogleService-Info.plist */; };
		CC25FD323A19E5273551E4AC /* Pods_490test.framework in Frameworks */ = {isa = PBXBuildFile; fileRef = 454851B115E1234C7F81EF66 /* Pods_490test.framework */; };
		D9B23B5D1FA67E8700BF1005 /* AppDelegate.swift in Sources */ = {isa = PBXBuildFile; fileRef = D9B23B5C1FA67E8700BF1005 /* AppDelegate.swift */; };
		D9B23B5F1FA67E8700BF1005 /* ViewController.swift in Sources */ = {isa = PBXBuildFile; fileRef = D9B23B5E1FA67E8700BF1005 /* ViewController.swift */; };
		D9B23B621FA67E8700BF1005 /* Main.storyboard in Resources */ = {isa = PBXBuildFile; fileRef = D9B23B601FA67E8700BF1005 /* Main.storyboard */; };
		D9B23B651FA67E8700BF1005 /* _90test.xcdatamodeld in Sources */ = {isa = PBXBuildFile; fileRef = D9B23B631FA67E8700BF1005 /* _90test.xcdatamodeld */; };
		D9B23B671FA67E8700BF1005 /* Assets.xcassets in Resources */ = {isa = PBXBuildFile; fileRef = D9B23B661FA67E8700BF1005 /* Assets.xcassets */; };
		D9B23B6A1FA67E8700BF1005 /* LaunchScreen.storyboard in Resources */ = {isa = PBXBuildFile; fileRef = D9B23B681FA67E8700BF1005 /* LaunchScreen.storyboard */; };
		D9B23B741FA6896100BF1005 /* WorkoutGoals.swift in Sources */ = {isa = PBXBuildFile; fileRef = D9B23B731FA6896100BF1005 /* WorkoutGoals.swift */; };
		D9B23B761FA6A8AA00BF1005 /* timerGoals.swift in Sources */ = {isa = PBXBuildFile; fileRef = D9B23B751FA6A8AA00BF1005 /* timerGoals.swift */; };
/* End PBXBuildFile section */

/* Begin PBXFileReference section */
		454851B115E1234C7F81EF66 /* Pods_490test.framework */ = {isa = PBXFileReference; explicitFileType = wrapper.framework; includeInIndex = 0; path = Pods_490test.framework; sourceTree = BUILT_PRODUCTS_DIR; };
		62625FD088226CA3CC29B0EE /* Pods-490test.release.xcconfig */ = {isa = PBXFileReference; includeInIndex = 1; lastKnownFileType = text.xcconfig; name = "Pods-490test.release.xcconfig"; path = "Pods/Target Support Files/Pods-490test/Pods-490test.release.xcconfig"; sourceTree = "<group>"; };
		767066221FB3E30700283426 /* MainMenu.swift */ = {isa = PBXFileReference; lastKnownFileType = sourcecode.swift; path = MainMenu.swift; sourceTree = "<group>"; };
		767066241FB3E5D500283426 /* icons8-wrench.png */ = {isa = PBXFileReference; lastKnownFileType = image.png; path = "icons8-wrench.png"; sourceTree = "<group>"; };
		767066261FB3E78C00283426 /* icons8-customer.png */ = {isa = PBXFileReference; lastKnownFileType = image.png; path = "icons8-customer.png"; sourceTree = "<group>"; };
		767066281FB3EDAF00283426 /* icons8-cyclist.png */ = {isa = PBXFileReference; lastKnownFileType = image.png; path = "icons8-cyclist.png"; sourceTree = "<group>"; };
		7670662A1FB3EECB00283426 /* icons8-about.png */ = {isa = PBXFileReference; lastKnownFileType = image.png; path = "icons8-about.png"; sourceTree = "<group>"; };
		768AFF181FB3D94B007327DE /* GoogleService-Info.plist */ = {isa = PBXFileReference; fileEncoding = 4; lastKnownFileType = text.plist.xml; path = "GoogleService-Info.plist"; sourceTree = "<group>"; };
		D07AE287377DFCC019C9575A /* Pods-490test.debug.xcconfig */ = {isa = PBXFileReference; includeInIndex = 1; lastKnownFileType = text.xcconfig; name = "Pods-490test.debug.xcconfig"; path = "Pods/Target Support Files/Pods-490test/Pods-490test.debug.xcconfig"; sourceTree = "<group>"; };
		D9B23B591FA67E8700BF1005 /* 490test.app */ = {isa = PBXFileReference; explicitFileType = wrapper.application; includeInIndex = 0; path = 490test.app; sourceTree = BUILT_PRODUCTS_DIR; };
		D9B23B5C1FA67E8700BF1005 /* AppDelegate.swift */ = {isa = PBXFileReference; lastKnownFileType = sourcecode.swift; path = AppDelegate.swift; sourceTree = "<group>"; };
		D9B23B5E1FA67E8700BF1005 /* ViewController.swift */ = {isa = PBXFileReference; lastKnownFileType = sourcecode.swift; path = ViewController.swift; sourceTree = "<group>"; };
		D9B23B611FA67E8700BF1005 /* Base */ = {isa = PBXFileReference; lastKnownFileType = file.storyboard; name = Base; path = Base.lproj/Main.storyboard; sourceTree = "<group>"; };
		D9B23B641FA67E8700BF1005 /* _90test.xcdatamodel */ = {isa = PBXFileReference; lastKnownFileType = wrapper.xcdatamodel; path = _90test.xcdatamodel; sourceTree = "<group>"; };
		D9B23B661FA67E8700BF1005 /* Assets.xcassets */ = {isa = PBXFileReference; lastKnownFileType = folder.assetcatalog; path = Assets.xcassets; sourceTree = "<group>"; };
		D9B23B691FA67E8700BF1005 /* Base */ = {isa = PBXFileReference; lastKnownFileType = file.storyboard; name = Base; path = Base.lproj/LaunchScreen.storyboard; sourceTree = "<group>"; };
		D9B23B6B1FA67E8700BF1005 /* Info.plist */ = {isa = PBXFileReference; lastKnownFileType = text.plist.xml; path = Info.plist; sourceTree = "<group>"; };
		D9B23B731FA6896100BF1005 /* WorkoutGoals.swift */ = {isa = PBXFileReference; lastKnownFileType = sourcecode.swift; path = WorkoutGoals.swift; sourceTree = "<group>"; };
		D9B23B751FA6A8AA00BF1005 /* timerGoals.swift */ = {isa = PBXFileReference; lastKnownFileType = sourcecode.swift; path = timerGoals.swift; sourceTree = "<group>"; };
/* End PBXFileReference section */

/* Begin PBXFrameworksBuildPhase section */
		D9B23B561FA67E8700BF1005 /* Frameworks */ = {
			isa = PBXFrameworksBuildPhase;
			buildActionMask = 2147483647;
			files = (
				CC25FD323A19E5273551E4AC /* Pods_490test.framework in Frameworks */,
			);
			runOnlyForDeploymentPostprocessing = 0;
		};
/* End PBXFrameworksBuildPhase section */

/* Begin PBXGroup section */
		4FBBA7E648675D9BB63216D0 /* Frameworks */ = {
			isa = PBXGroup;
			children = (
				454851B115E1234C7F81EF66 /* Pods_490test.framework */,
			);
			name = Frameworks;
			sourceTree = "<group>";
		};
		D9B23B501FA67E8700BF1005 = {
			isa = PBXGroup;
			children = (
				D9B23B5B1FA67E8700BF1005 /* 490test */,
				D9B23B5A1FA67E8700BF1005 /* Products */,
				DB7396F2B3054FE6FD5F90CC /* Pods */,
				4FBBA7E648675D9BB63216D0 /* Frameworks */,
			);
			sourceTree = "<group>";
		};
		D9B23B5A1FA67E8700BF1005 /* Products */ = {
			isa = PBXGroup;
			children = (
				D9B23B591FA67E8700BF1005 /* 490test.app */,
			);
			name = Products;
			sourceTree = "<group>";
		};
		D9B23B5B1FA67E8700BF1005 /* 490test */ = {
			isa = PBXGroup;
			children = (
				D9B23B5C1FA67E8700BF1005 /* AppDelegate.swift */,
				D9B23B731FA6896100BF1005 /* WorkoutGoals.swift */,
				D9B23B5E1FA67E8700BF1005 /* ViewController.swift */,
				767066221FB3E30700283426 /* MainMenu.swift */,
				D9B23B751FA6A8AA00BF1005 /* timerGoals.swift */,
				D9B23B601FA67E8700BF1005 /* Main.storyboard */,
				D9B23B661FA67E8700BF1005 /* Assets.xcassets */,
				767066241FB3E5D500283426 /* icons8-wrench.png */,
				767066261FB3E78C00283426 /* icons8-customer.png */,
				767066281FB3EDAF00283426 /* icons8-cyclist.png */,
				7670662A1FB3EECB00283426 /* icons8-about.png */,
				D9B23B681FA67E8700BF1005 /* LaunchScreen.storyboard */,
				D9B23B6B1FA67E8700BF1005 /* Info.plist */,
				768AFF181FB3D94B007327DE /* GoogleService-Info.plist */,
				D9B23B631FA67E8700BF1005 /* _90test.xcdatamodeld */,
			);
			path = 490test;
			sourceTree = "<group>";
		};
		DB7396F2B3054FE6FD5F90CC /* Pods */ = {
			isa = PBXGroup;
			children = (
				D07AE287377DFCC019C9575A /* Pods-490test.debug.xcconfig */,
				62625FD088226CA3CC29B0EE /* Pods-490test.release.xcconfig */,
			);
			name = Pods;
			sourceTree = "<group>";
		};
/* End PBXGroup section */

/* Begin PBXNativeTarget section */
		D9B23B581FA67E8700BF1005 /* 490test */ = {
			isa = PBXNativeTarget;
			buildConfigurationList = D9B23B6E1FA67E8700BF1005 /* Build configuration list for PBXNativeTarget "490test" */;
			buildPhases = (
				BCA1868AC9467F590E4BCD75 /* [CP] Check Pods Manifest.lock */,
				D9B23B551FA67E8700BF1005 /* Sources */,
				D9B23B561FA67E8700BF1005 /* Frameworks */,
				D9B23B571FA67E8700BF1005 /* Resources */,
				98CD395B27507C3418D262FE /* [CP] Embed Pods Frameworks */,
				7458E6FE1AFE888F6B277846 /* [CP] Copy Pods Resources */,
			);
			buildRules = (
			);
			dependencies = (
			);
			name = 490test;
			productName = 490test;
			productReference = D9B23B591FA67E8700BF1005 /* 490test.app */;
			productType = "com.apple.product-type.application";
		};
/* End PBXNativeTarget section */

/* Begin PBXProject section */
		D9B23B511FA67E8700BF1005 /* Project object */ = {
			isa = PBXProject;
			attributes = {
				LastSwiftUpdateCheck = 0900;
				LastUpgradeCheck = 0900;
				ORGANIZATIONNAME = TBD;
				TargetAttributes = {
					D9B23B581FA67E8700BF1005 = {
						CreatedOnToolsVersion = 9.0.1;
						ProvisioningStyle = Automatic;
					};
				};
			};
			buildConfigurationList = D9B23B541FA67E8700BF1005 /* Build configuration list for PBXProject "490test" */;
			compatibilityVersion = "Xcode 8.0";
			developmentRegion = en;
			hasScannedForEncodings = 0;
			knownRegions = (
				en,
				Base,
			);
			mainGroup = D9B23B501FA67E8700BF1005;
			productRefGroup = D9B23B5A1FA67E8700BF1005 /* Products */;
			projectDirPath = "";
			projectRoot = "";
			targets = (
				D9B23B581FA67E8700BF1005 /* 490test */,
			);
		};
/* End PBXProject section */

/* Begin PBXResourcesBuildPhase section */
		D9B23B571FA67E8700BF1005 /* Resources */ = {
			isa = PBXResourcesBuildPhase;
			buildActionMask = 2147483647;
			files = (
				D9B23B6A1FA67E8700BF1005 /* LaunchScreen.storyboard in Resources */,
				767066271FB3E78C00283426 /* icons8-customer.png in Resources */,
				768AFF191FB3D94C007327DE /* GoogleService-Info.plist in Resources */,
				D9B23B671FA67E8700BF1005 /* Assets.xcassets in Resources */,
				D9B23B621FA67E8700BF1005 /* Main.storyboard in Resources */,
				767066291FB3EDB000283426 /* icons8-cyclist.png in Resources */,
				767066251FB3E5D500283426 /* icons8-wrench.png in Resources */,
				7670662B1FB3EECB00283426 /* icons8-about.png in Resources */,
			);
			runOnlyForDeploymentPostprocessing = 0;
		};
/* End PBXResourcesBuildPhase section */

/* Begin PBXShellScriptBuildPhase section */
		7458E6FE1AFE888F6B277846 /* [CP] Copy Pods Resources */ = {
			isa = PBXShellScriptBuildPhase;
			buildActionMask = 2147483647;
			files = (
			);
			inputPaths = (
			);
			name = "[CP] Copy Pods Resources";
			outputPaths = (
			);
			runOnlyForDeploymentPostprocessing = 0;
			shellPath = /bin/sh;
			shellScript = "\"${SRCROOT}/Pods/Target Support Files/Pods-490test/Pods-490test-resources.sh\"\n";
			showEnvVarsInLog = 0;
		};
		98CD395B27507C3418D262FE /* [CP] Embed Pods Frameworks */ = {
			isa = PBXShellScriptBuildPhase;
			buildActionMask = 2147483647;
			files = (
			);
			inputPaths = (
				"${SRCROOT}/Pods/Target Support Files/Pods-490test/Pods-490test-frameworks.sh",
				"${BUILT_PRODUCTS_DIR}/GTMSessionFetcher/GTMSessionFetcher.framework",
				"${BUILT_PRODUCTS_DIR}/GoogleToolboxForMac/GoogleToolboxForMac.framework",
				"${BUILT_PRODUCTS_DIR}/leveldb-library/leveldb.framework",
				"${BUILT_PRODUCTS_DIR}/nanopb/nanopb.framework",
			);
			name = "[CP] Embed Pods Frameworks";
			outputPaths = (
				"${TARGET_BUILD_DIR}/${FRAMEWORKS_FOLDER_PATH}/GTMSessionFetcher.framework",
				"${TARGET_BUILD_DIR}/${FRAMEWORKS_FOLDER_PATH}/GoogleToolboxForMac.framework",
				"${TARGET_BUILD_DIR}/${FRAMEWORKS_FOLDER_PATH}/leveldb.framework",
				"${TARGET_BUILD_DIR}/${FRAMEWORKS_FOLDER_PATH}/nanopb.framework",
			);
			runOnlyForDeploymentPostprocessing = 0;
			shellPath = /bin/sh;
			shellScript = "\"${SRCROOT}/Pods/Target Support Files/Pods-490test/Pods-490test-frameworks.sh\"\n";
			showEnvVarsInLog = 0;
		};
		BCA1868AC9467F590E4BCD75 /* [CP] Check Pods Manifest.lock */ = {
			isa = PBXShellScriptBuildPhase;
			buildActionMask = 2147483647;
			files = (
			);
			inputPaths = (
				"${PODS_PODFILE_DIR_PATH}/Podfile.lock",
				"${PODS_ROOT}/Manifest.lock",
			);
			name = "[CP] Check Pods Manifest.lock";
			outputPaths = (
				"$(DERIVED_FILE_DIR)/Pods-490test-checkManifestLockResult.txt",
			);
			runOnlyForDeploymentPostprocessing = 0;
			shellPath = /bin/sh;
			shellScript = "diff \"${PODS_PODFILE_DIR_PATH}/Podfile.lock\" \"${PODS_ROOT}/Manifest.lock\" > /dev/null\nif [ $? != 0 ] ; then\n    # print error to STDERR\n    echo \"error: The sandbox is not in sync with the Podfile.lock. Run 'pod install' or update your CocoaPods installation.\" >&2\n    exit 1\nfi\n# This output is used by Xcode 'outputs' to avoid re-running this script phase.\necho \"SUCCESS\" > \"${SCRIPT_OUTPUT_FILE_0}\"\n";
			showEnvVarsInLog = 0;
		};
/* End PBXShellScriptBuildPhase section */

/* Begin PBXSourcesBuildPhase section */
		D9B23B551FA67E8700BF1005 /* Sources */ = {
			isa = PBXSourcesBuildPhase;
			buildActionMask = 2147483647;
			files = (
				D9B23B5F1FA67E8700BF1005 /* ViewController.swift in Sources */,
				767066231FB3E30700283426 /* MainMenu.swift in Sources */,
				D9B23B651FA67E8700BF1005 /* _90test.xcdatamodeld in Sources */,
				D9B23B761FA6A8AA00BF1005 /* timerGoals.swift in Sources */,
				D9B23B741FA6896100BF1005 /* WorkoutGoals.swift in Sources */,
				D9B23B5D1FA67E8700BF1005 /* AppDelegate.swift in Sources */,
			);
			runOnlyForDeploymentPostprocessing = 0;
		};
/* End PBXSourcesBuildPhase section */

/* Begin PBXVariantGroup section */
		D9B23B601FA67E8700BF1005 /* Main.storyboard */ = {
			isa = PBXVariantGroup;
			children = (
				D9B23B611FA67E8700BF1005 /* Base */,
			);
			name = Main.storyboard;
			sourceTree = "<group>";
		};
		D9B23B681FA67E8700BF1005 /* LaunchScreen.storyboard */ = {
			isa = PBXVariantGroup;
			children = (
				D9B23B691FA67E8700BF1005 /* Base */,
			);
			name = LaunchScreen.storyboard;
			sourceTree = "<group>";
		};
/* End PBXVariantGroup section */

/* Begin XCBuildConfiguration section */
		D9B23B6C1FA67E8700BF1005 /* Debug */ = {
			isa = XCBuildConfiguration;
			buildSettings = {
				ALWAYS_SEARCH_USER_PATHS = NO;
				CLANG_ANALYZER_NONNULL = YES;
				CLANG_ANALYZER_NUMBER_OBJECT_CONVERSION = YES_AGGRESSIVE;
				CLANG_CXX_LANGUAGE_STANDARD = "gnu++14";
				CLANG_CXX_LIBRARY = "libc++";
				CLANG_ENABLE_MODULES = YES;
				CLANG_ENABLE_OBJC_ARC = YES;
				CLANG_WARN_BLOCK_CAPTURE_AUTORELEASING = YES;
				CLANG_WARN_BOOL_CONVERSION = YES;
				CLANG_WARN_COMMA = YES;
				CLANG_WARN_CONSTANT_CONVERSION = YES;
				CLANG_WARN_DIRECT_OBJC_ISA_USAGE = YES_ERROR;
				CLANG_WARN_DOCUMENTATION_COMMENTS = YES;
				CLANG_WARN_EMPTY_BODY = YES;
				CLANG_WARN_ENUM_CONVERSION = YES;
				CLANG_WARN_INFINITE_RECURSION = YES;
				CLANG_WARN_INT_CONVERSION = YES;
				CLANG_WARN_NON_LITERAL_NULL_CONVERSION = YES;
				CLANG_WARN_OBJC_LITERAL_CONVERSION = YES;
				CLANG_WARN_OBJC_ROOT_CLASS = YES_ERROR;
				CLANG_WARN_RANGE_LOOP_ANALYSIS = YES;
				CLANG_WARN_STRICT_PROTOTYPES = YES;
				CLANG_WARN_SUSPICIOUS_MOVE = YES;
				CLANG_WARN_UNGUARDED_AVAILABILITY = YES_AGGRESSIVE;
				CLANG_WARN_UNREACHABLE_CODE = YES;
				CLANG_WARN__DUPLICATE_METHOD_MATCH = YES;
				CODE_SIGN_IDENTITY = "iPhone Developer";
				COPY_PHASE_STRIP = NO;
				DEBUG_INFORMATION_FORMAT = dwarf;
				ENABLE_STRICT_OBJC_MSGSEND = YES;
				ENABLE_TESTABILITY = YES;
				GCC_C_LANGUAGE_STANDARD = gnu11;
				GCC_DYNAMIC_NO_PIC = NO;
				GCC_NO_COMMON_BLOCKS = YES;
				GCC_OPTIMIZATION_LEVEL = 0;
				GCC_PREPROCESSOR_DEFINITIONS = (
					"DEBUG=1",
					"$(inherited)",
				);
				GCC_WARN_64_TO_32_BIT_CONVERSION = YES;
				GCC_WARN_ABOUT_RETURN_TYPE = YES_ERROR;
				GCC_WARN_UNDECLARED_SELECTOR = YES;
				GCC_WARN_UNINITIALIZED_AUTOS = YES_AGGRESSIVE;
				GCC_WARN_UNUSED_FUNCTION = YES;
				GCC_WARN_UNUSED_VARIABLE = YES;
				IPHONEOS_DEPLOYMENT_TARGET = 11.0;
				MTL_ENABLE_DEBUG_INFO = YES;
				ONLY_ACTIVE_ARCH = YES;
				SDKROOT = iphoneos;
				SWIFT_ACTIVE_COMPILATION_CONDITIONS = DEBUG;
				SWIFT_OPTIMIZATION_LEVEL = "-Onone";
			};
			name = Debug;
		};
		D9B23B6D1FA67E8700BF1005 /* Release */ = {
			isa = XCBuildConfiguration;
			buildSettings = {
				ALWAYS_SEARCH_USER_PATHS = NO;
				CLANG_ANALYZER_NONNULL = YES;
				CLANG_ANALYZER_NUMBER_OBJECT_CONVERSION = YES_AGGRESSIVE;
				CLANG_CXX_LANGUAGE_STANDARD = "gnu++14";
				CLANG_CXX_LIBRARY = "libc++";
				CLANG_ENABLE_MODULES = YES;
				CLANG_ENABLE_OBJC_ARC = YES;
				CLANG_WARN_BLOCK_CAPTURE_AUTORELEASING = YES;
				CLANG_WARN_BOOL_CONVERSION = YES;
				CLANG_WARN_COMMA = YES;
				CLANG_WARN_CONSTANT_CONVERSION = YES;
				CLANG_WARN_DIRECT_OBJC_ISA_USAGE = YES_ERROR;
				CLANG_WARN_DOCUMENTATION_COMMENTS = YES;
				CLANG_WARN_EMPTY_BODY = YES;
				CLANG_WARN_ENUM_CONVERSION = YES;
				CLANG_WARN_INFINITE_RECURSION = YES;
				CLANG_WARN_INT_CONVERSION = YES;
				CLANG_WARN_NON_LITERAL_NULL_CONVERSION = YES;
				CLANG_WARN_OBJC_LITERAL_CONVERSION = YES;
				CLANG_WARN_OBJC_ROOT_CLASS = YES_ERROR;
				CLANG_WARN_RANGE_LOOP_ANALYSIS = YES;
				CLANG_WARN_STRICT_PROTOTYPES = YES;
				CLANG_WARN_SUSPICIOUS_MOVE = YES;
				CLANG_WARN_UNGUARDED_AVAILABILITY = YES_AGGRESSIVE;
				CLANG_WARN_UNREACHABLE_CODE = YES;
				CLANG_WARN__DUPLICATE_METHOD_MATCH = YES;
				CODE_SIGN_IDENTITY = "iPhone Developer";
				COPY_PHASE_STRIP = NO;
				DEBUG_INFORMATION_FORMAT = "dwarf-with-dsym";
				ENABLE_NS_ASSERTIONS = NO;
				ENABLE_STRICT_OBJC_MSGSEND = YES;
				GCC_C_LANGUAGE_STANDARD = gnu11;
				GCC_NO_COMMON_BLOCKS = YES;
				GCC_WARN_64_TO_32_BIT_CONVERSION = YES;
				GCC_WARN_ABOUT_RETURN_TYPE = YES_ERROR;
				GCC_WARN_UNDECLARED_SELECTOR = YES;
				GCC_WARN_UNINITIALIZED_AUTOS = YES_AGGRESSIVE;
				GCC_WARN_UNUSED_FUNCTION = YES;
				GCC_WARN_UNUSED_VARIABLE = YES;
				IPHONEOS_DEPLOYMENT_TARGET = 11.0;
				MTL_ENABLE_DEBUG_INFO = NO;
				SDKROOT = iphoneos;
				SWIFT_OPTIMIZATION_LEVEL = "-Owholemodule";
				VALIDATE_PRODUCT = YES;
			};
			name = Release;
		};
		D9B23B6F1FA67E8700BF1005 /* Debug */ = {
			isa = XCBuildConfiguration;
			baseConfigurationReference = D07AE287377DFCC019C9575A /* Pods-490test.debug.xcconfig */;
			buildSettings = {
				ASSETCATALOG_COMPILER_APPICON_NAME = AppIcon;
				CODE_SIGN_STYLE = Automatic;
				INFOPLIST_FILE = 490test/Info.plist;
				LD_RUNPATH_SEARCH_PATHS = "$(inherited) @executable_path/Frameworks";
				PRODUCT_BUNDLE_IDENTIFIER = "com.TBD.-90test";
				PRODUCT_NAME = "$(TARGET_NAME)";
				SWIFT_VERSION = 4.0;
				TARGETED_DEVICE_FAMILY = "1,2";
			};
			name = Debug;
		};
		D9B23B701FA67E8700BF1005 /* Release */ = {
			isa = XCBuildConfiguration;
			baseConfigurationReference = 62625FD088226CA3CC29B0EE /* Pods-490test.release.xcconfig */;
			buildSettings = {
				ASSETCATALOG_COMPILER_APPICON_NAME = AppIcon;
				CODE_SIGN_STYLE = Automatic;
				INFOPLIST_FILE = 490test/Info.plist;
				LD_RUNPATH_SEARCH_PATHS = "$(inherited) @executable_path/Frameworks";
				PRODUCT_BUNDLE_IDENTIFIER = "com.TBD.-90test";
				PRODUCT_NAME = "$(TARGET_NAME)";
				SWIFT_VERSION = 4.0;
				TARGETED_DEVICE_FAMILY = "1,2";
			};
			name = Release;
		};
/* End XCBuildConfiguration section */

/* Begin XCConfigurationList section */
		D9B23B541FA67E8700BF1005 /* Build configuration list for PBXProject "490test" */ = {
			isa = XCConfigurationList;
			buildConfigurations = (
				D9B23B6C1FA67E8700BF1005 /* Debug */,
				D9B23B6D1FA67E8700BF1005 /* Release */,
			);
			defaultConfigurationIsVisible = 0;
			defaultConfigurationName = Release;
		};
		D9B23B6E1FA67E8700BF1005 /* Build configuration list for PBXNativeTarget "490test" */ = {
			isa = XCConfigurationList;
			buildConfigurations = (
				D9B23B6F1FA67E8700BF1005 /* Debug */,
				D9B23B701FA67E8700BF1005 /* Release */,
			);
			defaultConfigurationIsVisible = 0;
			defaultConfigurationName = Release;
		};
/* End XCConfigurationList section */

/* Begin XCVersionGroup section */
		D9B23B631FA67E8700BF1005 /* _90test.xcdatamodeld */ = {
			isa = XCVersionGroup;
			children = (
				D9B23B641FA67E8700BF1005 /* _90test.xcdatamodel */,
			);
			currentVersion = D9B23B641FA67E8700BF1005 /* _90test.xcdatamodel */;
			path = _90test.xcdatamodeld;
			sourceTree = "<group>";
			versionGroupType = wrapper.xcdatamodel;
		};
/* End XCVersionGroup section */
	};
	rootObject = D9B23B511FA67E8700BF1005 /* Project object */;
}
